
Microsoft Visual Studio Solution File, Format Version 12.00
# Visual Studio Version 17
VisualStudioVersion = 17.0.31903.59
MinimumVisualStudioVersion = 10.0.40219.1
Project("{2150E333-8FDC-42A3-9474-1A3956D46DE8}") = "src", "src", "{827E0CD3-B72D-47B6-A68D-7590B98EB39B}"
EndProject
Project("{FAE04EC0-301F-11D3-BF4B-00C04F79EFBC}") = "AutonomousMarketingPlatform.Domain", "src\AutonomousMarketingPlatform.Domain\AutonomousMarketingPlatform.Domain.csproj", "{9F9CFD39-2F4C-4746-A82A-F9617DB7CF52}"
EndProject
Project("{FAE04EC0-301F-11D3-BF4B-00C04F79EFBC}") = "AutonomousMarketingPlatform.Application", "src\AutonomousMarketingPlatform.Application\AutonomousMarketingPlatform.Application.csproj", "{993CBCFA-789D-4D63-AD80-69FA798D3BFF}"
EndProject
Project("{FAE04EC0-301F-11D3-BF4B-00C04F79EFBC}") = "AutonomousMarketingPlatform.Infrastructure", "src\AutonomousMarketingPlatform.Infrastructure\AutonomousMarketingPlatform.Infrastructure.csproj", "{F385F068-56F9-4194-86F8-182305BFDE1C}"
EndProject
Project("{2150E333-8FDC-42A3-9474-1A3956D46DE8}") = "tests", "tests", "{0AB3BF05-4346-4AA6-1389-037BE0695223}"
EndProject
Project("{FAE04EC0-301F-11D3-BF4B-00C04F79EFBC}") = "AutonomousMarketingPlatform.Tests", "tests\AutonomousMarketingPlatform.Tests\AutonomousMarketingPlatform.Tests.csproj", "{C9F70A5D-39CB-4A8C-85ED-B643AEB9DD2C}"
EndProject
Project("{FAE04EC0-301F-11D3-BF4B-00C04F79EFBC}") = "AutonomousMarketingPlatform.Web", "src\AutonomousMarketingPlatform.Web\AutonomousMarketingPlatform.Web.csproj", "{251E8587-39D2-4C85-B7E6-16276A6CDFB1}"
EndProject
Global
	GlobalSection(SolutionConfigurationPlatforms) = preSolution
		Debug|Any CPU = Debug|Any CPU
		Debug|x64 = Debug|x64
		Debug|x86 = Debug|x86
		Release|Any CPU = Release|Any CPU
		Release|x64 = Release|x64
		Release|x86 = Release|x86
	EndGlobalSection
	GlobalSection(ProjectConfigurationPlatforms) = postSolution
		{9F9CFD39-2F4C-4746-A82A-F9617DB7CF52}.Debug|Any CPU.ActiveCfg = Debug|Any CPU
		{9F9CFD39-2F4C-4746-A82A-F9617DB7CF52}.Debug|Any CPU.Build.0 = Debug|Any CPU
		{9F9CFD39-2F4C-4746-A82A-F9617DB7CF52}.Debug|x64.ActiveCfg = Debug|Any CPU
		{9F9CFD39-2F4C-4746-A82A-F9617DB7CF52}.Debug|x64.Build.0 = Debug|Any CPU
		{9F9CFD39-2F4C-4746-A82A-F9617DB7CF52}.Debug|x86.ActiveCfg = Debug|Any CPU
		{9F9CFD39-2F4C-4746-A82A-F9617DB7CF52}.Debug|x86.Build.0 = Debug|Any CPU
		{9F9CFD39-2F4C-4746-A82A-F9617DB7CF52}.Release|Any CPU.ActiveCfg = Release|Any CPU
		{9F9CFD39-2F4C-4746-A82A-F9617DB7CF52}.Release|Any CPU.Build.0 = Release|Any CPU
		{9F9CFD39-2F4C-4746-A82A-F9617DB7CF52}.Release|x64.ActiveCfg = Release|Any CPU
		{9F9CFD39-2F4C-4746-A82A-F9617DB7CF52}.Release|x64.Build.0 = Release|Any CPU
		{9F9CFD39-2F4C-4746-A82A-F9617DB7CF52}.Release|x86.ActiveCfg = Release|Any CPU
		{9F9CFD39-2F4C-4746-A82A-F9617DB7CF52}.Release|x86.Build.0 = Release|Any CPU
		{993CBCFA-789D-4D63-AD80-69FA798D3BFF}.Debug|Any CPU.ActiveCfg = Debug|Any CPU
		{993CBCFA-789D-4D63-AD80-69FA798D3BFF}.Debug|Any CPU.Build.0 = Debug|Any CPU
		{993CBCFA-789D-4D63-AD80-69FA798D3BFF}.Debug|x64.ActiveCfg = Debug|Any CPU
		{993CBCFA-789D-4D63-AD80-69FA798D3BFF}.Debug|x64.Build.0 = Debug|Any CPU
		{993CBCFA-789D-4D63-AD80-69FA798D3BFF}.Debug|x86.ActiveCfg = Debug|Any CPU
		{993CBCFA-789D-4D63-AD80-69FA798D3BFF}.Debug|x86.Build.0 = Debug|Any CPU
		{993CBCFA-789D-4D63-AD80-69FA798D3BFF}.Release|Any CPU.ActiveCfg = Release|Any CPU
		{993CBCFA-789D-4D63-AD80-69FA798D3BFF}.Release|Any CPU.Build.0 = Release|Any CPU
		{993CBCFA-789D-4D63-AD80-69FA798D3BFF}.Release|x64.ActiveCfg = Release|Any CPU
		{993CBCFA-789D-4D63-AD80-69FA798D3BFF}.Release|x64.Build.0 = Release|Any CPU
		{993CBCFA-789D-4D63-AD80-69FA798D3BFF}.Release|x86.ActiveCfg = Release|Any CPU
		{993CBCFA-789D-4D63-AD80-69FA798D3BFF}.Release|x86.Build.0 = Release|Any CPU
		{F385F068-56F9-4194-86F8-182305BFDE1C}.Debug|Any CPU.ActiveCfg = Debug|Any CPU
		{F385F068-56F9-4194-86F8-182305BFDE1C}.Debug|Any CPU.Build.0 = Debug|Any CPU
		{F385F068-56F9-4194-86F8-182305BFDE1C}.Debug|x64.ActiveCfg = Debug|Any CPU
		{F385F068-56F9-4194-86F8-182305BFDE1C}.Debug|x64.Build.0 = Debug|Any CPU
		{F385F068-56F9-4194-86F8-182305BFDE1C}.Debug|x86.ActiveCfg = Debug|Any CPU
		{F385F068-56F9-4194-86F8-182305BFDE1C}.Debug|x86.Build.0 = Debug|Any CPU
		{F385F068-56F9-4194-86F8-182305BFDE1C}.Release|Any CPU.ActiveCfg = Release|Any CPU
		{F385F068-56F9-4194-86F8-182305BFDE1C}.Release|Any CPU.Build.0 = Release|Any CPU
		{F385F068-56F9-4194-86F8-182305BFDE1C}.Release|x64.ActiveCfg = Release|Any CPU
		{F385F068-56F9-4194-86F8-182305BFDE1C}.Release|x64.Build.0 = Release|Any CPU
		{F385F068-56F9-4194-86F8-182305BFDE1C}.Release|x86.ActiveCfg = Release|Any CPU
		{F385F068-56F9-4194-86F8-182305BFDE1C}.Release|x86.Build.0 = Release|Any CPU
		{C9F70A5D-39CB-4A8C-85ED-B643AEB9DD2C}.Debug|Any CPU.ActiveCfg = Debug|Any CPU
		{C9F70A5D-39CB-4A8C-85ED-B643AEB9DD2C}.Debug|Any CPU.Build.0 = Debug|Any CPU
		{C9F70A5D-39CB-4A8C-85ED-B643AEB9DD2C}.Debug|x64.ActiveCfg = Debug|Any CPU
		{C9F70A5D-39CB-4A8C-85ED-B643AEB9DD2C}.Debug|x64.Build.0 = Debug|Any CPU
		{C9F70A5D-39CB-4A8C-85ED-B643AEB9DD2C}.Debug|x86.ActiveCfg = Debug|Any CPU
		{C9F70A5D-39CB-4A8C-85ED-B643AEB9DD2C}.Debug|x86.Build.0 = Debug|Any CPU
		{C9F70A5D-39CB-4A8C-85ED-B643AEB9DD2C}.Release|Any CPU.ActiveCfg = Release|Any CPU
		{C9F70A5D-39CB-4A8C-85ED-B643AEB9DD2C}.Release|Any CPU.Build.0 = Release|Any CPU
		{C9F70A5D-39CB-4A8C-85ED-B643AEB9DD2C}.Release|x64.ActiveCfg = Release|Any CPU
		{C9F70A5D-39CB-4A8C-85ED-B643AEB9DD2C}.Release|x64.Build.0 = Release|Any CPU
		{C9F70A5D-39CB-4A8C-85ED-B643AEB9DD2C}.Release|x86.ActiveCfg = Release|Any CPU
		{C9F70A5D-39CB-4A8C-85ED-B643AEB9DD2C}.Release|x86.Build.0 = Release|Any CPU
		{251E8587-39D2-4C85-B7E6-16276A6CDFB1}.Debug|Any CPU.ActiveCfg = Debug|Any CPU
		{251E8587-39D2-4C85-B7E6-16276A6CDFB1}.Debug|Any CPU.Build.0 = Debug|Any CPU
		{251E8587-39D2-4C85-B7E6-16276A6CDFB1}.Debug|x64.ActiveCfg = Debug|Any CPU
		{251E8587-39D2-4C85-B7E6-16276A6CDFB1}.Debug|x64.Build.0 = Debug|Any CPU
		{251E8587-39D2-4C85-B7E6-16276A6CDFB1}.Debug|x86.ActiveCfg = Debug|Any CPU
		{251E8587-39D2-4C85-B7E6-16276A6CDFB1}.Debug|x86.Build.0 = Debug|Any CPU
		{251E8587-39D2-4C85-B7E6-16276A6CDFB1}.Release|Any CPU.ActiveCfg = Release|Any CPU
		{251E8587-39D2-4C85-B7E6-16276A6CDFB1}.Release|Any CPU.Build.0 = Release|Any CPU
		{251E8587-39D2-4C85-B7E6-16276A6CDFB1}.Release|x64.ActiveCfg = Release|Any CPU
		{251E8587-39D2-4C85-B7E6-16276A6CDFB1}.Release|x64.Build.0 = Release|Any CPU
		{251E8587-39D2-4C85-B7E6-16276A6CDFB1}.Release|x86.ActiveCfg = Release|Any CPU
		{251E8587-39D2-4C85-B7E6-16276A6CDFB1}.Release|x86.Build.0 = Release|Any CPU
	EndGlobalSection
	GlobalSection(SolutionProperties) = preSolution
		HideSolutionNode = FALSE
	EndGlobalSection
	GlobalSection(NestedProjects) = preSolution
		{9F9CFD39-2F4C-4746-A82A-F9617DB7CF52} = {827E0CD3-B72D-47B6-A68D-7590B98EB39B}
		{993CBCFA-789D-4D63-AD80-69FA798D3BFF} = {827E0CD3-B72D-47B6-A68D-7590B98EB39B}
		{F385F068-56F9-4194-86F8-182305BFDE1C} = {827E0CD3-B72D-47B6-A68D-7590B98EB39B}
		{C9F70A5D-39CB-4A8C-85ED-B643AEB9DD2C} = {0AB3BF05-4346-4AA6-1389-037BE0695223}
		{251E8587-39D2-4C85-B7E6-16276A6CDFB1} = {827E0CD3-B72D-47B6-A68D-7590B98EB39B}
	EndGlobalSection
EndGlobal
